// !$*UTF8*$!
{
	archiveVersion = 1;
	classes = {
	};
	objectVersion = 46;
	objects = {

/* Begin PBXBuildFile section */
		07BDA1C2C305465B8BFE6535 /* libPods-MGCommandConfigTests.a in Frameworks */ = {isa = PBXBuildFile; fileRef = 3CB77E269FF3414C8089E99F /* libPods-MGCommandConfigTests.a */; };
		6ED63A984A0F434895460E7B /* libPods-MGCommandConfigExample.a in Frameworks */ = {isa = PBXBuildFile; fileRef = C4C7FA7243A64DEDB37AAF08 /* libPods-MGCommandConfigExample.a */; };
		AD84322C167E15F3009123B0 /* Foundation.framework in Frameworks */ = {isa = PBXBuildFile; fileRef = AD84322B167E15F3009123B0 /* Foundation.framework */; };
		AD84323B167E15F3009123B0 /* SenTestingKit.framework in Frameworks */ = {isa = PBXBuildFile; fileRef = AD84323A167E15F3009123B0 /* SenTestingKit.framework */; };
		AD84323D167E15F3009123B0 /* UIKit.framework in Frameworks */ = {isa = PBXBuildFile; fileRef = AD84323C167E15F3009123B0 /* UIKit.framework */; };
		AD84323E167E15F3009123B0 /* Foundation.framework in Frameworks */ = {isa = PBXBuildFile; fileRef = AD84322B167E15F3009123B0 /* Foundation.framework */; };
		AD843241167E15F3009123B0 /* libMGCommandConfig.a in Frameworks */ = {isa = PBXBuildFile; fileRef = AD843228167E15F3009123B0 /* libMGCommandConfig.a */; };
		AD843247167E15F3009123B0 /* InfoPlist.strings in Resources */ = {isa = PBXBuildFile; fileRef = AD843245167E15F3009123B0 /* InfoPlist.strings */; };
		AD843259167E17E3009123B0 /* UIKit.framework in Frameworks */ = {isa = PBXBuildFile; fileRef = AD84323C167E15F3009123B0 /* UIKit.framework */; };
		AD84325A167E17E3009123B0 /* Foundation.framework in Frameworks */ = {isa = PBXBuildFile; fileRef = AD84322B167E15F3009123B0 /* Foundation.framework */; };
		AD84325C167E17E3009123B0 /* CoreGraphics.framework in Frameworks */ = {isa = PBXBuildFile; fileRef = AD84325B167E17E3009123B0 /* CoreGraphics.framework */; };
		AD843262167E17E3009123B0 /* InfoPlist.strings in Resources */ = {isa = PBXBuildFile; fileRef = AD843260167E17E3009123B0 /* InfoPlist.strings */; };
		AD843264167E17E3009123B0 /* main.m in Sources */ = {isa = PBXBuildFile; fileRef = AD843263167E17E3009123B0 /* main.m */; };
		AD843268167E17E3009123B0 /* AppDelegate.m in Sources */ = {isa = PBXBuildFile; fileRef = AD843267167E17E3009123B0 /* AppDelegate.m */; };
		AD84326A167E17E3009123B0 /* Default.png in Resources */ = {isa = PBXBuildFile; fileRef = AD843269167E17E3009123B0 /* Default.png */; };
		AD84326C167E17E3009123B0 /* Default@2x.png in Resources */ = {isa = PBXBuildFile; fileRef = AD84326B167E17E3009123B0 /* Default@2x.png */; };
		AD84326E167E17E3009123B0 /* Default-568h@2x.png in Resources */ = {isa = PBXBuildFile; fileRef = AD84326D167E17E3009123B0 /* Default-568h@2x.png */; };
		AD843271167E17E3009123B0 /* ViewController.m in Sources */ = {isa = PBXBuildFile; fileRef = AD843270167E17E3009123B0 /* ViewController.m */; };
		AD843274167E17E3009123B0 /* ViewController.xib in Resources */ = {isa = PBXBuildFile; fileRef = AD843272167E17E3009123B0 /* ViewController.xib */; };
		AD8432E1167E29D9009123B0 /* libPods-MGCommandConfig.a in Frameworks */ = {isa = PBXBuildFile; fileRef = 8EDAA2B82D3E457EAD67A147 /* libPods-MGCommandConfig.a */; };
		AD8432EA167E3E45009123B0 /* libPods-MGCommandConfig.a in Frameworks */ = {isa = PBXBuildFile; fileRef = 8EDAA2B82D3E457EAD67A147 /* libPods-MGCommandConfig.a */; };
		AD8432F3167E46F9009123B0 /* MGCommandConfigParser.m in Sources */ = {isa = PBXBuildFile; fileRef = BF8D990CFF55C305358D8E5D /* MGCommandConfigParser.m */; };
		BF8D942DA2A80C330EA8706A /* MGConfigurableCommand.h in CopyFiles */ = {isa = PBXBuildFile; fileRef = BF8D996BFD0D70A614D2071C /* MGConfigurableCommand.h */; };
		BF8D957AC1A5B52EAFA76605 /* PrintCommand.m in Sources */ = {isa = PBXBuildFile; fileRef = BF8D930EF9DB66334D52DCD4 /* PrintCommand.m */; };
		BF8D957B5DAD98BE5E6DA77B /* DelayCommand.m in Sources */ = {isa = PBXBuildFile; fileRef = BF8D9FEF4CBAE6ED49082F65 /* DelayCommand.m */; };
		BF8D97B0B1E489507F19985D /* MGCommandConfigParser.m in Sources */ = {isa = PBXBuildFile; fileRef = BF8D990CFF55C305358D8E5D /* MGCommandConfigParser.m */; };
		BF8D9A7BD0A9046DB412910D /* MGCommandConfigParserSpec.m in Sources */ = {isa = PBXBuildFile; fileRef = BF8D9A989277436719FB0064 /* MGCommandConfigParserSpec.m */; };
		BF8D9FA676BCD3D37155BAF1 /* MGCommandConfigParser.h in CopyFiles */ = {isa = PBXBuildFile; fileRef = BF8D9CE5DDC550D50CFF14DF /* MGCommandConfigParser.h */; };
/* End PBXBuildFile section */

/* Begin PBXContainerItemProxy section */
		AD84323F167E15F3009123B0 /* PBXContainerItemProxy */ = {
			isa = PBXContainerItemProxy;
			containerPortal = AD84321F167E15F3009123B0 /* Project object */;
			proxyType = 1;
			remoteGlobalIDString = AD843227167E15F3009123B0;
			remoteInfo = MGCommandConfig;
		};
		AD84328B167E1927009123B0 /* PBXContainerItemProxy */ = {
			isa = PBXContainerItemProxy;
			containerPortal = AD84321F167E15F3009123B0 /* Project object */;
			proxyType = 1;
			remoteGlobalIDString = AD843227167E15F3009123B0;
			remoteInfo = MGCommandConfig;
		};
/* End PBXContainerItemProxy section */

/* Begin PBXCopyFilesBuildPhase section */
		AD843226167E15F3009123B0 /* CopyFiles */ = {
			isa = PBXCopyFilesBuildPhase;
			buildActionMask = 2147483647;
			dstPath = "include/${PRODUCT_NAME}";
			dstSubfolderSpec = 16;
			files = (
				BF8D942DA2A80C330EA8706A /* MGConfigurableCommand.h in CopyFiles */,
				BF8D9FA676BCD3D37155BAF1 /* MGCommandConfigParser.h in CopyFiles */,
			);
			runOnlyForDeploymentPostprocessing = 0;
		};
/* End PBXCopyFilesBuildPhase section */

/* Begin PBXFileReference section */
		3537B26A27454CFBB9E787BB /* Pods-MGCommandConfigTests.xcconfig */ = {isa = PBXFileReference; includeInIndex = 1; lastKnownFileType = text.xcconfig; name = "Pods-MGCommandConfigTests.xcconfig"; path = "Pods/Pods-MGCommandConfigTests.xcconfig"; sourceTree = SOURCE_ROOT; };
		3CB77E269FF3414C8089E99F /* libPods-MGCommandConfigTests.a */ = {isa = PBXFileReference; explicitFileType = archive.ar; includeInIndex = 0; path = "libPods-MGCommandConfigTests.a"; sourceTree = BUILT_PRODUCTS_DIR; };
		8EDAA2B82D3E457EAD67A147 /* libPods-MGCommandConfig.a */ = {isa = PBXFileReference; explicitFileType = archive.ar; includeInIndex = 0; path = "libPods-MGCommandConfig.a"; sourceTree = BUILT_PRODUCTS_DIR; };
		AD843228167E15F3009123B0 /* libMGCommandConfig.a */ = {isa = PBXFileReference; explicitFileType = archive.ar; includeInIndex = 0; path = libMGCommandConfig.a; sourceTree = BUILT_PRODUCTS_DIR; };
		AD84322B167E15F3009123B0 /* Foundation.framework */ = {isa = PBXFileReference; includeInIndex = 1; lastKnownFileType = wrapper.framework; name = Foundation.framework; path = System/Library/Frameworks/Foundation.framework; sourceTree = SDKROOT; };
		AD84322F167E15F3009123B0 /* MGCommandConfig-Prefix.pch */ = {isa = PBXFileReference; lastKnownFileType = sourcecode.c.h; path = "MGCommandConfig-Prefix.pch"; sourceTree = "<group>"; };
		AD843239167E15F3009123B0 /* MGCommandConfigTests.octest */ = {isa = PBXFileReference; explicitFileType = wrapper.cfbundle; includeInIndex = 0; path = MGCommandConfigTests.octest; sourceTree = BUILT_PRODUCTS_DIR; };
		AD84323A167E15F3009123B0 /* SenTestingKit.framework */ = {isa = PBXFileReference; includeInIndex = 1; lastKnownFileType = wrapper.framework; name = SenTestingKit.framework; path = Library/Frameworks/SenTestingKit.framework; sourceTree = DEVELOPER_DIR; };
		AD84323C167E15F3009123B0 /* UIKit.framework */ = {isa = PBXFileReference; includeInIndex = 1; lastKnownFileType = wrapper.framework; name = UIKit.framework; path = Library/Frameworks/UIKit.framework; sourceTree = DEVELOPER_DIR; };
		AD843244167E15F3009123B0 /* MGCommandConfigTests-Info.plist */ = {isa = PBXFileReference; lastKnownFileType = text.plist.xml; path = "MGCommandConfigTests-Info.plist"; sourceTree = "<group>"; };
		AD843246167E15F3009123B0 /* en */ = {isa = PBXFileReference; lastKnownFileType = text.plist.strings; name = en; path = en.lproj/InfoPlist.strings; sourceTree = "<group>"; };
		AD843257167E17E3009123B0 /* MGCommandConfigExample.app */ = {isa = PBXFileReference; explicitFileType = wrapper.application; includeInIndex = 0; path = MGCommandConfigExample.app; sourceTree = BUILT_PRODUCTS_DIR; };
		AD84325B167E17E3009123B0 /* CoreGraphics.framework */ = {isa = PBXFileReference; includeInIndex = 1; lastKnownFileType = wrapper.framework; name = CoreGraphics.framework; path = System/Library/Frameworks/CoreGraphics.framework; sourceTree = SDKROOT; };
		AD84325F167E17E3009123B0 /* MGCommandConfigExample-Info.plist */ = {isa = PBXFileReference; lastKnownFileType = text.plist.xml; path = "MGCommandConfigExample-Info.plist"; sourceTree = "<group>"; };
		AD843261167E17E3009123B0 /* en */ = {isa = PBXFileReference; lastKnownFileType = text.plist.strings; name = en; path = en.lproj/InfoPlist.strings; sourceTree = "<group>"; };
		AD843263167E17E3009123B0 /* main.m */ = {isa = PBXFileReference; lastKnownFileType = sourcecode.c.objc; path = main.m; sourceTree = "<group>"; };
		AD843265167E17E3009123B0 /* MGCommandConfigExample-Prefix.pch */ = {isa = PBXFileReference; lastKnownFileType = sourcecode.c.h; path = "MGCommandConfigExample-Prefix.pch"; sourceTree = "<group>"; };
		AD843266167E17E3009123B0 /* AppDelegate.h */ = {isa = PBXFileReference; lastKnownFileType = sourcecode.c.h; path = AppDelegate.h; sourceTree = "<group>"; };
		AD843267167E17E3009123B0 /* AppDelegate.m */ = {isa = PBXFileReference; lastKnownFileType = sourcecode.c.objc; path = AppDelegate.m; sourceTree = "<group>"; };
		AD843269167E17E3009123B0 /* Default.png */ = {isa = PBXFileReference; lastKnownFileType = image.png; path = Default.png; sourceTree = "<group>"; };
		AD84326B167E17E3009123B0 /* Default@2x.png */ = {isa = PBXFileReference; lastKnownFileType = image.png; path = "Default@2x.png"; sourceTree = "<group>"; };
		AD84326D167E17E3009123B0 /* Default-568h@2x.png */ = {isa = PBXFileReference; lastKnownFileType = image.png; path = "Default-568h@2x.png"; sourceTree = "<group>"; };
		AD84326F167E17E3009123B0 /* ViewController.h */ = {isa = PBXFileReference; lastKnownFileType = sourcecode.c.h; path = ViewController.h; sourceTree = "<group>"; };
		AD843270167E17E3009123B0 /* ViewController.m */ = {isa = PBXFileReference; lastKnownFileType = sourcecode.c.objc; path = ViewController.m; sourceTree = "<group>"; };
		AD843273167E17E3009123B0 /* en */ = {isa = PBXFileReference; lastKnownFileType = file.xib; name = en; path = en.lproj/ViewController.xib; sourceTree = "<group>"; };
		BF8D930EF9DB66334D52DCD4 /* PrintCommand.m */ = {isa = PBXFileReference; fileEncoding = 4; lastKnownFileType = sourcecode.c.objc; path = PrintCommand.m; sourceTree = "<group>"; };
		BF8D9807800B8E5E9196F999 /* DelayCommand.h */ = {isa = PBXFileReference; fileEncoding = 4; lastKnownFileType = sourcecode.c.h; path = DelayCommand.h; sourceTree = "<group>"; };
		BF8D990CFF55C305358D8E5D /* MGCommandConfigParser.m */ = {isa = PBXFileReference; fileEncoding = 4; lastKnownFileType = sourcecode.c.objc; path = MGCommandConfigParser.m; sourceTree = "<group>"; };
		BF8D996BFD0D70A614D2071C /* MGConfigurableCommand.h */ = {isa = PBXFileReference; fileEncoding = 4; lastKnownFileType = sourcecode.c.h; path = MGConfigurableCommand.h; sourceTree = "<group>"; };
		BF8D9A989277436719FB0064 /* MGCommandConfigParserSpec.m */ = {isa = PBXFileReference; fileEncoding = 4; lastKnownFileType = sourcecode.c.objc; path = MGCommandConfigParserSpec.m; sourceTree = "<group>"; };
		BF8D9C468F7CC8FF2C70A69E /* PrintCommand.h */ = {isa = PBXFileReference; fileEncoding = 4; lastKnownFileType = sourcecode.c.h; path = PrintCommand.h; sourceTree = "<group>"; };
		BF8D9CE5DDC550D50CFF14DF /* MGCommandConfigParser.h */ = {isa = PBXFileReference; fileEncoding = 4; lastKnownFileType = sourcecode.c.h; path = MGCommandConfigParser.h; sourceTree = "<group>"; };
		BF8D9FEF4CBAE6ED49082F65 /* DelayCommand.m */ = {isa = PBXFileReference; fileEncoding = 4; lastKnownFileType = sourcecode.c.objc; path = DelayCommand.m; sourceTree = "<group>"; };
		C38F3775FAE24171984B24B5 /* libPods.a */ = {isa = PBXFileReference; explicitFileType = archive.ar; includeInIndex = 0; path = libPods.a; sourceTree = BUILT_PRODUCTS_DIR; };
		C4C7FA7243A64DEDB37AAF08 /* libPods-MGCommandConfigExample.a */ = {isa = PBXFileReference; explicitFileType = archive.ar; includeInIndex = 0; path = "libPods-MGCommandConfigExample.a"; sourceTree = BUILT_PRODUCTS_DIR; };
		D9FB3433D77C471E9C030230 /* Pods-MGCommandConfig.xcconfig */ = {isa = PBXFileReference; includeInIndex = 1; lastKnownFileType = text.xcconfig; name = "Pods-MGCommandConfig.xcconfig"; path = "Pods/Pods-MGCommandConfig.xcconfig"; sourceTree = SOURCE_ROOT; };
		DDD9FB879A084A419683AE86 /* Pods.xcconfig */ = {isa = PBXFileReference; includeInIndex = 1; lastKnownFileType = text.xcconfig; name = Pods.xcconfig; path = Pods/Pods.xcconfig; sourceTree = SOURCE_ROOT; };
		ED3AB5B5599A44ADB6BE18C8 /* Pods-MGCommandConfigExample.xcconfig */ = {isa = PBXFileReference; includeInIndex = 1; lastKnownFileType = text.xcconfig; name = "Pods-MGCommandConfigExample.xcconfig"; path = "Pods/Pods-MGCommandConfigExample.xcconfig"; sourceTree = SOURCE_ROOT; };
/* End PBXFileReference section */

/* Begin PBXFrameworksBuildPhase section */
		AD843225167E15F3009123B0 /* Frameworks */ = {
			isa = PBXFrameworksBuildPhase;
			buildActionMask = 2147483647;
			files = (
				AD84322C167E15F3009123B0 /* Foundation.framework in Frameworks */,
			);
			runOnlyForDeploymentPostprocessing = 0;
		};
		AD843235167E15F3009123B0 /* Frameworks */ = {
			isa = PBXFrameworksBuildPhase;
			buildActionMask = 2147483647;
			files = (
				AD84323B167E15F3009123B0 /* SenTestingKit.framework in Frameworks */,
				AD84323D167E15F3009123B0 /* UIKit.framework in Frameworks */,
				AD84323E167E15F3009123B0 /* Foundation.framework in Frameworks */,
				AD843241167E15F3009123B0 /* libMGCommandConfig.a in Frameworks */,
				AD8432E1167E29D9009123B0 /* libPods-MGCommandConfig.a in Frameworks */,
				07BDA1C2C305465B8BFE6535 /* libPods-MGCommandConfigTests.a in Frameworks */,
			);
			runOnlyForDeploymentPostprocessing = 0;
		};
		AD843254167E17E3009123B0 /* Frameworks */ = {
			isa = PBXFrameworksBuildPhase;
			buildActionMask = 2147483647;
			files = (
				AD843259167E17E3009123B0 /* UIKit.framework in Frameworks */,
				AD84325A167E17E3009123B0 /* Foundation.framework in Frameworks */,
				AD84325C167E17E3009123B0 /* CoreGraphics.framework in Frameworks */,
				AD8432EA167E3E45009123B0 /* libPods-MGCommandConfig.a in Frameworks */,
				6ED63A984A0F434895460E7B /* libPods-MGCommandConfigExample.a in Frameworks */,
			);
			runOnlyForDeploymentPostprocessing = 0;
		};
/* End PBXFrameworksBuildPhase section */

/* Begin PBXGroup section */
		AD84321D167E15F3009123B0 = {
			isa = PBXGroup;
			children = (
				AD84322D167E15F3009123B0 /* MGCommandConfig */,
				AD843242167E15F3009123B0 /* MGCommandConfigTests */,
				AD84325D167E17E3009123B0 /* MGCommandConfigExample */,
				AD84322A167E15F3009123B0 /* Frameworks */,
				AD843229167E15F3009123B0 /* Products */,
				DDD9FB879A084A419683AE86 /* Pods.xcconfig */,
				ED3AB5B5599A44ADB6BE18C8 /* Pods-MGCommandConfigExample.xcconfig */,
				3537B26A27454CFBB9E787BB /* Pods-MGCommandConfigTests.xcconfig */,
				D9FB3433D77C471E9C030230 /* Pods-MGCommandConfig.xcconfig */,
			);
			sourceTree = "<group>";
		};
		AD843229167E15F3009123B0 /* Products */ = {
			isa = PBXGroup;
			children = (
				AD843228167E15F3009123B0 /* libMGCommandConfig.a */,
				AD843239167E15F3009123B0 /* MGCommandConfigTests.octest */,
				AD843257167E17E3009123B0 /* MGCommandConfigExample.app */,
			);
			name = Products;
			sourceTree = "<group>";
		};
		AD84322A167E15F3009123B0 /* Frameworks */ = {
			isa = PBXGroup;
			children = (
				AD84322B167E15F3009123B0 /* Foundation.framework */,
				AD84323A167E15F3009123B0 /* SenTestingKit.framework */,
				AD84323C167E15F3009123B0 /* UIKit.framework */,
				AD84325B167E17E3009123B0 /* CoreGraphics.framework */,
				C38F3775FAE24171984B24B5 /* libPods.a */,
				C4C7FA7243A64DEDB37AAF08 /* libPods-MGCommandConfigExample.a */,
				3CB77E269FF3414C8089E99F /* libPods-MGCommandConfigTests.a */,
				8EDAA2B82D3E457EAD67A147 /* libPods-MGCommandConfig.a */,
			);
			name = Frameworks;
			sourceTree = "<group>";
		};
		AD84322D167E15F3009123B0 /* MGCommandConfig */ = {
			isa = PBXGroup;
			children = (
				AD84322E167E15F3009123B0 /* Supporting Files */,
				BF8D9CFA4A1D0AC658EDBB0A /* Classes */,
			);
			path = MGCommandConfig;
			sourceTree = "<group>";
		};
		AD84322E167E15F3009123B0 /* Supporting Files */ = {
			isa = PBXGroup;
			children = (
				AD84322F167E15F3009123B0 /* MGCommandConfig-Prefix.pch */,
			);
			name = "Supporting Files";
			sourceTree = "<group>";
		};
		AD843242167E15F3009123B0 /* MGCommandConfigTests */ = {
			isa = PBXGroup;
			children = (
				AD843243167E15F3009123B0 /* Supporting Files */,
				BF8D92CF23D31ABA2E293811 /* Classes */,
			);
			path = MGCommandConfigTests;
			sourceTree = "<group>";
		};
		AD843243167E15F3009123B0 /* Supporting Files */ = {
			isa = PBXGroup;
			children = (
				AD843244167E15F3009123B0 /* MGCommandConfigTests-Info.plist */,
				AD843245167E15F3009123B0 /* InfoPlist.strings */,
			);
			name = "Supporting Files";
			sourceTree = "<group>";
		};
		AD84325D167E17E3009123B0 /* MGCommandConfigExample */ = {
			isa = PBXGroup;
			children = (
				AD843272167E17E3009123B0 /* ViewController.xib */,
				AD84325E167E17E3009123B0 /* Supporting Files */,
				BF8D9C741EC57E6EC84E82DD /* Classes */,
			);
			path = MGCommandConfigExample;
			sourceTree = "<group>";
		};
		AD84325E167E17E3009123B0 /* Supporting Files */ = {
			isa = PBXGroup;
			children = (
				AD84325F167E17E3009123B0 /* MGCommandConfigExample-Info.plist */,
				AD843260167E17E3009123B0 /* InfoPlist.strings */,
				AD843263167E17E3009123B0 /* main.m */,
				AD843265167E17E3009123B0 /* MGCommandConfigExample-Prefix.pch */,
				AD843269167E17E3009123B0 /* Default.png */,
				AD84326B167E17E3009123B0 /* Default@2x.png */,
				AD84326D167E17E3009123B0 /* Default-568h@2x.png */,
			);
			name = "Supporting Files";
			sourceTree = "<group>";
		};
		BF8D92CF23D31ABA2E293811 /* Classes */ = {
			isa = PBXGroup;
			children = (
				BF8D9A989277436719FB0064 /* MGCommandConfigParserSpec.m */,
			);
			path = Classes;
			sourceTree = "<group>";
		};
		BF8D986ACC01B0026A42A65C /* Commands */ = {
			isa = PBXGroup;
			children = (
				BF8D9807800B8E5E9196F999 /* DelayCommand.h */,
				BF8D9FEF4CBAE6ED49082F65 /* DelayCommand.m */,
				BF8D9C468F7CC8FF2C70A69E /* PrintCommand.h */,
				BF8D930EF9DB66334D52DCD4 /* PrintCommand.m */,
			);
			path = Commands;
			sourceTree = "<group>";
		};
		BF8D9C741EC57E6EC84E82DD /* Classes */ = {
			isa = PBXGroup;
			children = (
				BF8D986ACC01B0026A42A65C /* Commands */,
				AD843266167E17E3009123B0 /* AppDelegate.h */,
				AD843267167E17E3009123B0 /* AppDelegate.m */,
				AD84326F167E17E3009123B0 /* ViewController.h */,
				AD843270167E17E3009123B0 /* ViewController.m */,
			);
			path = Classes;
			sourceTree = "<group>";
		};
		BF8D9CFA4A1D0AC658EDBB0A /* Classes */ = {
			isa = PBXGroup;
			children = (
				BF8D996BFD0D70A614D2071C /* MGConfigurableCommand.h */,
				BF8D9CE5DDC550D50CFF14DF /* MGCommandConfigParser.h */,
				BF8D990CFF55C305358D8E5D /* MGCommandConfigParser.m */,
			);
			path = Classes;
			sourceTree = "<group>";
		};
/* End PBXGroup section */

/* Begin PBXNativeTarget section */
		AD843227167E15F3009123B0 /* MGCommandConfig */ = {
			isa = PBXNativeTarget;
			buildConfigurationList = AD84324D167E15F3009123B0 /* Build configuration list for PBXNativeTarget "MGCommandConfig" */;
			buildPhases = (
				AD843224167E15F3009123B0 /* Sources */,
				AD843225167E15F3009123B0 /* Frameworks */,
				AD843226167E15F3009123B0 /* CopyFiles */,
				2EE9D1E82D634E8C99F351C8 /* Copy Pods Resources */,
				D91FB9B518D44E31BAD415CE /* Copy Pods Resources */,
			);
			buildRules = (
			);
			dependencies = (
			);
			name = MGCommandConfig;
			productName = MGCommandConfig;
			productReference = AD843228167E15F3009123B0 /* libMGCommandConfig.a */;
			productType = "com.apple.product-type.library.static";
		};
		AD843238167E15F3009123B0 /* MGCommandConfigTests */ = {
			isa = PBXNativeTarget;
			buildConfigurationList = AD843250167E15F3009123B0 /* Build configuration list for PBXNativeTarget "MGCommandConfigTests" */;
			buildPhases = (
				AD843234167E15F3009123B0 /* Sources */,
				AD843235167E15F3009123B0 /* Frameworks */,
				AD843236167E15F3009123B0 /* Resources */,
				AD843237167E15F3009123B0 /* ShellScript */,
				04BB6F1C49F245BBBD092D35 /* Copy Pods Resources */,
			);
			buildRules = (
			);
			dependencies = (
				AD843240167E15F3009123B0 /* PBXTargetDependency */,
			);
			name = MGCommandConfigTests;
			productName = MGCommandConfigTests;
			productReference = AD843239167E15F3009123B0 /* MGCommandConfigTests.octest */;
			productType = "com.apple.product-type.bundle";
		};
		AD843256167E17E3009123B0 /* MGCommandConfigExample */ = {
			isa = PBXNativeTarget;
			buildConfigurationList = AD843275167E17E3009123B0 /* Build configuration list for PBXNativeTarget "MGCommandConfigExample" */;
			buildPhases = (
				AD843253167E17E3009123B0 /* Sources */,
				AD843254167E17E3009123B0 /* Frameworks */,
				AD843255167E17E3009123B0 /* Resources */,
				4120063A95E447E9AE63B67C /* Copy Pods Resources */,
			);
			buildRules = (
			);
			dependencies = (
				AD84328C167E1927009123B0 /* PBXTargetDependency */,
			);
			name = MGCommandConfigExample;
			productName = MGCommandConfigExample;
			productReference = AD843257167E17E3009123B0 /* MGCommandConfigExample.app */;
			productType = "com.apple.product-type.application";
		};
/* End PBXNativeTarget section */

/* Begin PBXProject section */
		AD84321F167E15F3009123B0 /* Project object */ = {
			isa = PBXProject;
			attributes = {
				LastUpgradeCheck = 0450;
				ORGANIZATIONNAME = "Mattes Groeger";
			};
			buildConfigurationList = AD843222167E15F3009123B0 /* Build configuration list for PBXProject "MGCommandConfig" */;
			compatibilityVersion = "Xcode 3.2";
			developmentRegion = English;
			hasScannedForEncodings = 0;
			knownRegions = (
				en,
			);
			mainGroup = AD84321D167E15F3009123B0;
			productRefGroup = AD843229167E15F3009123B0 /* Products */;
			projectDirPath = "";
			projectRoot = "";
			targets = (
				AD843227167E15F3009123B0 /* MGCommandConfig */,
				AD843238167E15F3009123B0 /* MGCommandConfigTests */,
				AD843256167E17E3009123B0 /* MGCommandConfigExample */,
			);
		};
/* End PBXProject section */

/* Begin PBXResourcesBuildPhase section */
		AD843236167E15F3009123B0 /* Resources */ = {
			isa = PBXResourcesBuildPhase;
			buildActionMask = 2147483647;
			files = (
				AD843247167E15F3009123B0 /* InfoPlist.strings in Resources */,
			);
			runOnlyForDeploymentPostprocessing = 0;
		};
		AD843255167E17E3009123B0 /* Resources */ = {
			isa = PBXResourcesBuildPhase;
			buildActionMask = 2147483647;
			files = (
				AD843262167E17E3009123B0 /* InfoPlist.strings in Resources */,
				AD84326A167E17E3009123B0 /* Default.png in Resources */,
				AD84326C167E17E3009123B0 /* Default@2x.png in Resources */,
				AD84326E167E17E3009123B0 /* Default-568h@2x.png in Resources */,
				AD843274167E17E3009123B0 /* ViewController.xib in Resources */,
			);
			runOnlyForDeploymentPostprocessing = 0;
		};
/* End PBXResourcesBuildPhase section */

/* Begin PBXShellScriptBuildPhase section */
		04BB6F1C49F245BBBD092D35 /* Copy Pods Resources */ = {
			isa = PBXShellScriptBuildPhase;
			buildActionMask = 2147483647;
			files = (
			);
			inputPaths = (
			);
			name = "Copy Pods Resources";
			outputPaths = (
			);
			runOnlyForDeploymentPostprocessing = 0;
			shellPath = /bin/sh;
			shellScript = "\"${SRCROOT}/Pods/Pods-MGCommandConfigTests-resources.sh\"\n";
		};
		2EE9D1E82D634E8C99F351C8 /* Copy Pods Resources */ = {
			isa = PBXShellScriptBuildPhase;
			buildActionMask = 2147483647;
			files = (
			);
			inputPaths = (
			);
			name = "Copy Pods Resources";
			outputPaths = (
			);
			runOnlyForDeploymentPostprocessing = 0;
			shellPath = /bin/sh;
			shellScript = "\"${SRCROOT}/Pods/Pods-resources.sh\"\n";
		};
		4120063A95E447E9AE63B67C /* Copy Pods Resources */ = {
			isa = PBXShellScriptBuildPhase;
			buildActionMask = 2147483647;
			files = (
			);
			inputPaths = (
			);
			name = "Copy Pods Resources";
			outputPaths = (
			);
			runOnlyForDeploymentPostprocessing = 0;
			shellPath = /bin/sh;
			shellScript = "\"${SRCROOT}/Pods/Pods-MGCommandConfigExample-resources.sh\"\n";
		};
		AD843237167E15F3009123B0 /* ShellScript */ = {
			isa = PBXShellScriptBuildPhase;
			buildActionMask = 2147483647;
			files = (
			);
			inputPaths = (
			);
			outputPaths = (
			);
			runOnlyForDeploymentPostprocessing = 0;
			shellPath = /bin/sh;
			shellScript = "# Run the unit tests in this test bundle.\n\"${SYSTEM_DEVELOPER_DIR}/Tools/RunUnitTests\"\n";
		};
		D91FB9B518D44E31BAD415CE /* Copy Pods Resources */ = {
			isa = PBXShellScriptBuildPhase;
			buildActionMask = 2147483647;
			files = (
			);
			inputPaths = (
			);
			name = "Copy Pods Resources";
			outputPaths = (
			);
			runOnlyForDeploymentPostprocessing = 0;
			shellPath = /bin/sh;
			shellScript = "\"${SRCROOT}/Pods/Pods-MGCommandConfig-resources.sh\"\n";
		};
/* End PBXShellScriptBuildPhase section */

/* Begin PBXSourcesBuildPhase section */
		AD843224167E15F3009123B0 /* Sources */ = {
			isa = PBXSourcesBuildPhase;
			buildActionMask = 2147483647;
			files = (
				BF8D97B0B1E489507F19985D /* MGCommandConfigParser.m in Sources */,
			);
			runOnlyForDeploymentPostprocessing = 0;
		};
		AD843234167E15F3009123B0 /* Sources */ = {
			isa = PBXSourcesBuildPhase;
			buildActionMask = 2147483647;
			files = (
				BF8D9A7BD0A9046DB412910D /* MGCommandConfigParserSpec.m in Sources */,
			);
			runOnlyForDeploymentPostprocessing = 0;
		};
		AD843253167E17E3009123B0 /* Sources */ = {
			isa = PBXSourcesBuildPhase;
			buildActionMask = 2147483647;
			files = (
				AD8432F3167E46F9009123B0 /* MGCommandConfigParser.m in Sources */,
				AD843264167E17E3009123B0 /* main.m in Sources */,
				AD843268167E17E3009123B0 /* AppDelegate.m in Sources */,
				AD843271167E17E3009123B0 /* ViewController.m in Sources */,
				BF8D957B5DAD98BE5E6DA77B /* DelayCommand.m in Sources */,
				BF8D957AC1A5B52EAFA76605 /* PrintCommand.m in Sources */,
			);
			runOnlyForDeploymentPostprocessing = 0;
		};
/* End PBXSourcesBuildPhase section */

/* Begin PBXTargetDependency section */
		AD843240167E15F3009123B0 /* PBXTargetDependency */ = {
			isa = PBXTargetDependency;
			target = AD843227167E15F3009123B0 /* MGCommandConfig */;
			targetProxy = AD84323F167E15F3009123B0 /* PBXContainerItemProxy */;
		};
		AD84328C167E1927009123B0 /* PBXTargetDependency */ = {
			isa = PBXTargetDependency;
			target = AD843227167E15F3009123B0 /* MGCommandConfig */;
			targetProxy = AD84328B167E1927009123B0 /* PBXContainerItemProxy */;
		};
/* End PBXTargetDependency section */

/* Begin PBXVariantGroup section */
		AD843245167E15F3009123B0 /* InfoPlist.strings */ = {
			isa = PBXVariantGroup;
			children = (
				AD843246167E15F3009123B0 /* en */,
			);
			name = InfoPlist.strings;
			sourceTree = "<group>";
		};
		AD843260167E17E3009123B0 /* InfoPlist.strings */ = {
			isa = PBXVariantGroup;
			children = (
				AD843261167E17E3009123B0 /* en */,
			);
			name = InfoPlist.strings;
			sourceTree = "<group>";
		};
		AD843272167E17E3009123B0 /* ViewController.xib */ = {
			isa = PBXVariantGroup;
			children = (
				AD843273167E17E3009123B0 /* en */,
			);
			name = ViewController.xib;
			sourceTree = "<group>";
		};
/* End PBXVariantGroup section */

/* Begin XCBuildConfiguration section */
		AD84324B167E15F3009123B0 /* Debug */ = {
			isa = XCBuildConfiguration;
			buildSettings = {
				ALWAYS_SEARCH_USER_PATHS = NO;
				CLANG_CXX_LANGUAGE_STANDARD = "gnu++0x";
				CLANG_CXX_LIBRARY = "libc++";
				CLANG_ENABLE_OBJC_ARC = YES;
				CLANG_WARN_EMPTY_BODY = YES;
				CLANG_WARN__DUPLICATE_METHOD_MATCH = YES;
				COPY_PHASE_STRIP = NO;
				FRAMEWORK_SEARCH_PATHS = "$(inherited)";
				GCC_C_LANGUAGE_STANDARD = gnu99;
				GCC_DYNAMIC_NO_PIC = NO;
				GCC_OPTIMIZATION_LEVEL = 0;
				GCC_PREPROCESSOR_DEFINITIONS = (
					"DEBUG=1",
					"$(inherited)",
				);
				GCC_SYMBOLS_PRIVATE_EXTERN = NO;
				GCC_WARN_ABOUT_RETURN_TYPE = YES;
				GCC_WARN_UNINITIALIZED_AUTOS = YES;
				GCC_WARN_UNUSED_VARIABLE = YES;
				IPHONEOS_DEPLOYMENT_TARGET = 6.0;
				ONLY_ACTIVE_ARCH = YES;
				SDKROOT = iphoneos;
			};
			name = Debug;
		};
		AD84324C167E15F3009123B0 /* Release */ = {
			isa = XCBuildConfiguration;
			buildSettings = {
				ALWAYS_SEARCH_USER_PATHS = NO;
				CLANG_CXX_LANGUAGE_STANDARD = "gnu++0x";
				CLANG_CXX_LIBRARY = "libc++";
				CLANG_ENABLE_OBJC_ARC = YES;
				CLANG_WARN_EMPTY_BODY = YES;
				CLANG_WARN__DUPLICATE_METHOD_MATCH = YES;
				COPY_PHASE_STRIP = YES;
				FRAMEWORK_SEARCH_PATHS = "$(inherited)";
				GCC_C_LANGUAGE_STANDARD = gnu99;
				GCC_WARN_ABOUT_RETURN_TYPE = YES;
				GCC_WARN_UNINITIALIZED_AUTOS = YES;
				GCC_WARN_UNUSED_VARIABLE = YES;
				IPHONEOS_DEPLOYMENT_TARGET = 6.0;
				SDKROOT = iphoneos;
				VALIDATE_PRODUCT = YES;
			};
			name = Release;
		};
		AD84324E167E15F3009123B0 /* Debug */ = {
			isa = XCBuildConfiguration;
			baseConfigurationReference = D9FB3433D77C471E9C030230 /* Pods-MGCommandConfig.xcconfig */;
			buildSettings = {
				DSTROOT = /tmp/MGCommandConfig.dst;
				GCC_PRECOMPILE_PREFIX_HEADER = YES;
				GCC_PREFIX_HEADER = "MGCommandConfig/MGCommandConfig-Prefix.pch";
				OTHER_LDFLAGS = "$(inherited)";
				PRODUCT_NAME = "$(TARGET_NAME)";
				SKIP_INSTALL = YES;
			};
			name = Debug;
		};
		AD84324F167E15F3009123B0 /* Release */ = {
			isa = XCBuildConfiguration;
			baseConfigurationReference = D9FB3433D77C471E9C030230 /* Pods-MGCommandConfig.xcconfig */;
			buildSettings = {
				DSTROOT = /tmp/MGCommandConfig.dst;
				GCC_PRECOMPILE_PREFIX_HEADER = YES;
				GCC_PREFIX_HEADER = "MGCommandConfig/MGCommandConfig-Prefix.pch";
				OTHER_LDFLAGS = "$(inherited)";
				PRODUCT_NAME = "$(TARGET_NAME)";
				SKIP_INSTALL = YES;
			};
			name = Release;
		};
		AD843251167E15F3009123B0 /* Debug */ = {
			isa = XCBuildConfiguration;
			baseConfigurationReference = 3537B26A27454CFBB9E787BB /* Pods-MGCommandConfigTests.xcconfig */;
			buildSettings = {
				FRAMEWORK_SEARCH_PATHS = (
					"\"$(SDKROOT)/Developer/Library/Frameworks\"",
					"\"$(DEVELOPER_LIBRARY_DIR)/Frameworks\"",
				);
				GCC_PRECOMPILE_PREFIX_HEADER = YES;
				GCC_PREFIX_HEADER = "MGCommandConfig/MGCommandConfig-Prefix.pch";
				INFOPLIST_FILE = "MGCommandConfigTests/MGCommandConfigTests-Info.plist";
				PRODUCT_NAME = "$(TARGET_NAME)";
				WRAPPER_EXTENSION = octest;
			};
			name = Debug;
		};
		AD843252167E15F3009123B0 /* Release */ = {
			isa = XCBuildConfiguration;
			baseConfigurationReference = 3537B26A27454CFBB9E787BB /* Pods-MGCommandConfigTests.xcconfig */;
			buildSettings = {
				FRAMEWORK_SEARCH_PATHS = (
					"\"$(SDKROOT)/Developer/Library/Frameworks\"",
					"\"$(DEVELOPER_LIBRARY_DIR)/Frameworks\"",
				);
				GCC_PRECOMPILE_PREFIX_HEADER = YES;
				GCC_PREFIX_HEADER = "MGCommandConfig/MGCommandConfig-Prefix.pch";
				INFOPLIST_FILE = "MGCommandConfigTests/MGCommandConfigTests-Info.plist";
				PRODUCT_NAME = "$(TARGET_NAME)";
				WRAPPER_EXTENSION = octest;
			};
			name = Release;
		};
		AD843276167E17E3009123B0 /* Debug */ = {
			isa = XCBuildConfiguration;
			baseConfigurationReference = ED3AB5B5599A44ADB6BE18C8 /* Pods-MGCommandConfigExample.xcconfig */;
			buildSettings = {
				"CODE_SIGN_IDENTITY[sdk=iphoneos*]" = "iPhone Developer";
				FRAMEWORK_SEARCH_PATHS = (
					"$(inherited)",
					"\"$(SYSTEM_APPS_DIR)/Xcode.app/Contents/Developer/Library/Frameworks\"",
				);
				GCC_PRECOMPILE_PREFIX_HEADER = YES;
				GCC_PREFIX_HEADER = "MGCommandConfigExample/MGCommandConfigExample-Prefix.pch";
				INFOPLIST_FILE = "MGCommandConfigExample/MGCommandConfigExample-Info.plist";
				PRODUCT_NAME = "$(TARGET_NAME)";
				WRAPPER_EXTENSION = app;
			};
			name = Debug;
		};
		AD843277167E17E3009123B0 /* Release */ = {
			isa = XCBuildConfiguration;
			baseConfigurationReference = ED3AB5B5599A44ADB6BE18C8 /* Pods-MGCommandConfigExample.xcconfig */;
			buildSettings = {
				"CODE_SIGN_IDENTITY[sdk=iphoneos*]" = "iPhone Developer";
				FRAMEWORK_SEARCH_PATHS = (
					"$(inherited)",
					"\"$(SYSTEM_APPS_DIR)/Xcode.app/Contents/Developer/Library/Frameworks\"",
				);
				GCC_PRECOMPILE_PREFIX_HEADER = YES;
				GCC_PREFIX_HEADER = "MGCommandConfigExample/MGCommandConfigExample-Prefix.pch";
				INFOPLIST_FILE = "MGCommandConfigExample/MGCommandConfigExample-Info.plist";
				OTHER_CFLAGS = "-DNS_BLOCK_ASSERTIONS=1";
				PRODUCT_NAME = "$(TARGET_NAME)";
				WRAPPER_EXTENSION = app;
			};
			name = Release;
		};
/* End XCBuildConfiguration section */

/* Begin XCConfigurationList section */
		AD843222167E15F3009123B0 /* Build configuration list for PBXProject "MGCommandConfig" */ = {
			isa = XCConfigurationList;
			buildConfigurations = (
				AD84324B167E15F3009123B0 /* Debug */,
				AD84324C167E15F3009123B0 /* Release */,
			);
			defaultConfigurationIsVisible = 0;
			defaultConfigurationName = Release;
		};
		AD84324D167E15F3009123B0 /* Build configuration list for PBXNativeTarget "MGCommandConfig" */ = {
			isa = XCConfigurationList;
			buildConfigurations = (
				AD84324E167E15F3009123B0 /* Debug */,
				AD84324F167E15F3009123B0 /* Release */,
			);
			defaultConfigurationIsVisible = 0;
			defaultConfigurationName = Release;
		};
		AD843250167E15F3009123B0 /* Build configuration list for PBXNativeTarget "MGCommandConfigTests" */ = {
			isa = XCConfigurationList;
			buildConfigurations = (
				AD843251167E15F3009123B0 /* Debug */,
				AD843252167E15F3009123B0 /* Release */,
			);
			defaultConfigurationIsVisible = 0;
			defaultConfigurationName = Release;
		};
		AD843275167E17E3009123B0 /* Build configuration list for PBXNativeTarget "MGCommandConfigExample" */ = {
			isa = XCConfigurationList;
			buildConfigurations = (
				AD843276167E17E3009123B0 /* Debug */,
				AD843277167E17E3009123B0 /* Release */,
			);
			defaultConfigurationIsVisible = 0;
			defaultConfigurationName = Release;
		};
/* End XCConfigurationList section */
	};
	rootObject = AD84321F167E15F3009123B0 /* Project object */;
}
